
Microsoft Visual Studio Solution File, Format Version 12.00
# Visual Studio Version 17
VisualStudioVersion = 17.1.32421.90
MinimumVisualStudioVersion = 10.0.40219.1
Project("{FAE04EC0-301F-11D3-BF4B-00C04F79EFBC}") = "MessageSenderService.DurableFunctions", "MessageSenderService.DurableFunctions.csproj", "{512245AC-22FB-4AA9-83A1-4074994E62BB}"
EndProject
Global
	GlobalSection(SolutionConfigurationPlatforms) = preSolution
		Debug|Any CPU = Debug|Any CPU
		Release|Any CPU = Release|Any CPU
	EndGlobalSection
	GlobalSection(ProjectConfigurationPlatforms) = postSolution
		{512245AC-22FB-4AA9-83A1-4074994E62BB}.Debug|Any CPU.ActiveCfg = Debug|Any CPU
		{512245AC-22FB-4AA9-83A1-4074994E62BB}.Debug|Any CPU.Build.0 = Debug|Any CPU
		{512245AC-22FB-4AA9-83A1-4074994E62BB}.Release|Any CPU.ActiveCfg = Release|Any CPU
		{512245AC-22FB-4AA9-83A1-4074994E62BB}.Release|Any CPU.Build.0 = Release|Any CPU
	EndGlobalSection
	GlobalSection(SolutionProperties) = preSolution
		HideSolutionNode = FALSE
	EndGlobalSection
	GlobalSection(ExtensibilityGlobals) = postSolution
		SolutionGuid = {6319154A-87B0-4112-8328-76E756C06B02}
	EndGlobalSection
EndGlobal
